// !$*UTF8*$!
{
	archiveVersion = 1;
	classes = {
	};
	objectVersion = 48;
	objects = {

/* Begin PBXBuildFile section */
		153B3C95201308A7009D4DCD /* AppDelegate.m in Sources */ = {isa = PBXBuildFile; fileRef = 153B3C94201308A7009D4DCD /* AppDelegate.m */; };
		153B3C9D201308A7009D4DCD /* Assets.xcassets in Resources */ = {isa = PBXBuildFile; fileRef = 153B3C9C201308A7009D4DCD /* Assets.xcassets */; };
		153B3CA3201308A7009D4DCD /* main.m in Sources */ = {isa = PBXBuildFile; fileRef = 153B3CA2201308A7009D4DCD /* main.m */; };
		153B3CB320130C54009D4DCD /* FBSDKCoreKit.framework in Frameworks */ = {isa = PBXBuildFile; fileRef = 153B3CB020130C54009D4DCD /* FBSDKCoreKit.framework */; };
		153B3CB420130C54009D4DCD /* FBSDKLoginKit.framework in Frameworks */ = {isa = PBXBuildFile; fileRef = 153B3CB120130C54009D4DCD /* FBSDKLoginKit.framework */; };
		153B3CB520130C54009D4DCD /* Bolts.framework in Frameworks */ = {isa = PBXBuildFile; fileRef = 153B3CB220130C54009D4DCD /* Bolts.framework */; };
		153B3CB920130D8E009D4DCD /* LoginViewController.m in Sources */ = {isa = PBXBuildFile; fileRef = 153B3CB720130D8E009D4DCD /* LoginViewController.m */; };
		153B3CBA20130D8E009D4DCD /* LoginViewController.xib in Resources */ = {isa = PBXBuildFile; fileRef = 153B3CB820130D8E009D4DCD /* LoginViewController.xib */; };
/* End PBXBuildFile section */

/* Begin PBXFileReference section */
		153B3C90201308A7009D4DCD /* Facebook Integration with iOS.app */ = {isa = PBXFileReference; explicitFileType = wrapper.application; includeInIndex = 0; path = "Facebook Integration with iOS.app"; sourceTree = BUILT_PRODUCTS_DIR; };
		153B3C93201308A7009D4DCD /* AppDelegate.h */ = {isa = PBXFileReference; lastKnownFileType = sourcecode.c.h; path = AppDelegate.h; sourceTree = "<group>"; };
		153B3C94201308A7009D4DCD /* AppDelegate.m */ = {isa = PBXFileReference; lastKnownFileType = sourcecode.c.objc; path = AppDelegate.m; sourceTree = "<group>"; };
		153B3C9C201308A7009D4DCD /* Assets.xcassets */ = {isa = PBXFileReference; lastKnownFileType = folder.assetcatalog; path = Assets.xcassets; sourceTree = "<group>"; };
		153B3CA1201308A7009D4DCD /* Info.plist */ = {isa = PBXFileReference; lastKnownFileType = text.plist.xml; path = Info.plist; sourceTree = "<group>"; };
		153B3CA2201308A7009D4DCD /* main.m */ = {isa = PBXFileReference; lastKnownFileType = sourcecode.c.objc; path = main.m; sourceTree = "<group>"; };
		153B3CB020130C54009D4DCD /* FBSDKCoreKit.framework */ = {isa = PBXFileReference; lastKnownFileType = wrapper.framework; path = FBSDKCoreKit.framework; sourceTree = "<group>"; };
		153B3CB120130C54009D4DCD /* FBSDKLoginKit.framework */ = {isa = PBXFileReference; lastKnownFileType = wrapper.framework; path = FBSDKLoginKit.framework; sourceTree = "<group>"; };
		153B3CB220130C54009D4DCD /* Bolts.framework */ = {isa = PBXFileReference; lastKnownFileType = wrapper.framework; path = Bolts.framework; sourceTree = "<group>"; };
		153B3CB620130D8E009D4DCD /* LoginViewController.h */ = {isa = PBXFileReference; lastKnownFileType = sourcecode.c.h; path = LoginViewController.h; sourceTree = "<group>"; };
		153B3CB720130D8E009D4DCD /* LoginViewController.m */ = {isa = PBXFileReference; lastKnownFileType = sourcecode.c.objc; path = LoginViewController.m; sourceTree = "<group>"; };
		153B3CB820130D8E009D4DCD /* LoginViewController.xib */ = {isa = PBXFileReference; lastKnownFileType = file.xib; path = LoginViewController.xib; sourceTree = "<group>"; };
/* End PBXFileReference section */

/* Begin PBXFrameworksBuildPhase section */
		153B3C8D201308A7009D4DCD /* Frameworks */ = {
			isa = PBXFrameworksBuildPhase;
			buildActionMask = 2147483647;
			files = (
				153B3CB520130C54009D4DCD /* Bolts.framework in Frameworks */,
				153B3CB420130C54009D4DCD /* FBSDKLoginKit.framework in Frameworks */,
				153B3CB320130C54009D4DCD /* FBSDKCoreKit.framework in Frameworks */,
			);
			runOnlyForDeploymentPostprocessing = 0;
		};
/* End PBXFrameworksBuildPhase section */

/* Begin PBXGroup section */
		153B3C87201308A7009D4DCD = {
			isa = PBXGroup;
			children = (
				153B3C92201308A7009D4DCD /* Facebook Integration with iOS */,
				153B3C91201308A7009D4DCD /* Products */,
			);
			sourceTree = "<group>";
		};
		153B3C91201308A7009D4DCD /* Products */ = {
			isa = PBXGroup;
			children = (
				153B3C90201308A7009D4DCD /* Facebook Integration with iOS.app */,
			);
			name = Products;
			sourceTree = "<group>";
		};
		153B3C92201308A7009D4DCD /* Facebook Integration with iOS */ = {
			isa = PBXGroup;
			children = (
				153B3CA920130B95009D4DCD /* Frameworks */,
				153B3CAA20130B9C009D4DCD /* App Delegate */,
				153B3CAB20130BA3009D4DCD /* View Controllers */,
				153B3C9C201308A7009D4DCD /* Assets.xcassets */,
				153B3CA1201308A7009D4DCD /* Info.plist */,
				153B3CA2201308A7009D4DCD /* main.m */,
			);
			path = "Facebook Integration with iOS";
			sourceTree = "<group>";
		};
		153B3CA920130B95009D4DCD /* Frameworks */ = {
			isa = PBXGroup;
			children = (
				153B3CB220130C54009D4DCD /* Bolts.framework */,
				153B3CB020130C54009D4DCD /* FBSDKCoreKit.framework */,
				153B3CB120130C54009D4DCD /* FBSDKLoginKit.framework */,
			);
			path = Frameworks;
			sourceTree = "<group>";
		};
		153B3CAA20130B9C009D4DCD /* App Delegate */ = {
			isa = PBXGroup;
			children = (
				153B3C93201308A7009D4DCD /* AppDelegate.h */,
				153B3C94201308A7009D4DCD /* AppDelegate.m */,
			);
			path = "App Delegate";
			sourceTree = "<group>";
		};
		153B3CAB20130BA3009D4DCD /* View Controllers */ = {
			isa = PBXGroup;
			children = (
				153B3CB620130D8E009D4DCD /* LoginViewController.h */,
				153B3CB720130D8E009D4DCD /* LoginViewController.m */,
				153B3CB820130D8E009D4DCD /* LoginViewController.xib */,
			);
			path = "View Controllers";
			sourceTree = "<group>";
		};
/* End PBXGroup section */

/* Begin PBXNativeTarget section */
		153B3C8F201308A7009D4DCD /* Facebook Integration with iOS */ = {
			isa = PBXNativeTarget;
			buildConfigurationList = 153B3CA6201308A7009D4DCD /* Build configuration list for PBXNativeTarget "Facebook Integration with iOS" */;
			buildPhases = (
				153B3C8C201308A7009D4DCD /* Sources */,
				153B3C8D201308A7009D4DCD /* Frameworks */,
				153B3C8E201308A7009D4DCD /* Resources */,
			);
			buildRules = (
			);
			dependencies = (
			);
			name = "Facebook Integration with iOS";
			productName = "Facebook Integration with iOS";
			productReference = 153B3C90201308A7009D4DCD /* Facebook Integration with iOS.app */;
			productType = "com.apple.product-type.application";
		};
/* End PBXNativeTarget section */

/* Begin PBXProject section */
		153B3C88201308A7009D4DCD /* Project object */ = {
			isa = PBXProject;
			attributes = {
				LastUpgradeCheck = 0920;
				ORGANIZATIONNAME = "Meet Shah";
				TargetAttributes = {
					153B3C8F201308A7009D4DCD = {
						CreatedOnToolsVersion = 9.2;
						ProvisioningStyle = Automatic;
					};
				};
			};
			buildConfigurationList = 153B3C8B201308A7009D4DCD /* Build configuration list for PBXProject "Facebook Integration with iOS" */;
			compatibilityVersion = "Xcode 8.0";
			developmentRegion = en;
			hasScannedForEncodings = 0;
			knownRegions = (
				en,
				Base,
			);
			mainGroup = 153B3C87201308A7009D4DCD;
			productRefGroup = 153B3C91201308A7009D4DCD /* Products */;
			projectDirPath = "";
			projectRoot = "";
			targets = (
				153B3C8F201308A7009D4DCD /* Facebook Integration with iOS */,
			);
		};
/* End PBXProject section */

/* Begin PBXResourcesBuildPhase section */
		153B3C8E201308A7009D4DCD /* Resources */ = {
			isa = PBXResourcesBuildPhase;
			buildActionMask = 2147483647;
			files = (
				153B3CBA20130D8E009D4DCD /* LoginViewController.xib in Resources */,
				153B3C9D201308A7009D4DCD /* Assets.xcassets in Resources */,
			);
			runOnlyForDeploymentPostprocessing = 0;
		};
/* End PBXResourcesBuildPhase section */

/* Begin PBXSourcesBuildPhase section */
		153B3C8C201308A7009D4DCD /* Sources */ = {
			isa = PBXSourcesBuildPhase;
			buildActionMask = 2147483647;
			files = (
				153B3CB920130D8E009D4DCD /* LoginViewController.m in Sources */,
				153B3CA3201308A7009D4DCD /* main.m in Sources */,
				153B3C95201308A7009D4DCD /* AppDelegate.m in Sources */,
			);
			runOnlyForDeploymentPostprocessing = 0;
		};
/* End PBXSourcesBuildPhase section */

/* Begin XCBuildConfiguration section */
		153B3CA4201308A7009D4DCD /* Debug */ = {
			isa = XCBuildConfiguration;
			buildSettings = {
				ALWAYS_SEARCH_USER_PATHS = NO;
				CLANG_ANALYZER_NONNULL = YES;
				CLANG_ANALYZER_NUMBER_OBJECT_CONVERSION = YES_AGGRESSIVE;
				CLANG_CXX_LANGUAGE_STANDARD = "gnu++14";
				CLANG_CXX_LIBRARY = "libc++";
				CLANG_ENABLE_MODULES = YES;
				CLANG_ENABLE_OBJC_ARC = YES;
				CLANG_WARN_BLOCK_CAPTURE_AUTORELEASING = YES;
				CLANG_WARN_BOOL_CONVERSION = YES;
				CLANG_WARN_COMMA = YES;
				CLANG_WARN_CONSTANT_CONVERSION = YES;
				CLANG_WARN_DIRECT_OBJC_ISA_USAGE = YES_ERROR;
				CLANG_WARN_DOCUMENTATION_COMMENTS = YES;
				CLANG_WARN_EMPTY_BODY = YES;
				CLANG_WARN_ENUM_CONVERSION = YES;
				CLANG_WARN_INFINITE_RECURSION = YES;
				CLANG_WARN_INT_CONVERSION = YES;
				CLANG_WARN_NON_LITERAL_NULL_CONVERSION = YES;
				CLANG_WARN_OBJC_LITERAL_CONVERSION = YES;
				CLANG_WARN_OBJC_ROOT_CLASS = YES_ERROR;
				CLANG_WARN_RANGE_LOOP_ANALYSIS = YES;
				CLANG_WARN_STRICT_PROTOTYPES = YES;
				CLANG_WARN_SUSPICIOUS_MOVE = YES;
				CLANG_WARN_UNGUARDED_AVAILABILITY = YES_AGGRESSIVE;
				CLANG_WARN_UNREACHABLE_CODE = YES;
				CLANG_WARN__DUPLICATE_METHOD_MATCH = YES;
				CODE_SIGN_IDENTITY = "iPhone Developer";
				COPY_PHASE_STRIP = NO;
				DEBUG_INFORMATION_FORMAT = dwarf;
				ENABLE_STRICT_OBJC_MSGSEND = YES;
				ENABLE_TESTABILITY = YES;
				GCC_C_LANGUAGE_STANDARD = gnu11;
				GCC_DYNAMIC_NO_PIC = NO;
				GCC_NO_COMMON_BLOCKS = YES;
				GCC_OPTIMIZATION_LEVEL = 0;
				GCC_PREPROCESSOR_DEFINITIONS = (
					"DEBUG=1",
					"$(inherited)",
				);
				GCC_WARN_64_TO_32_BIT_CONVERSION = YES;
				GCC_WARN_ABOUT_RETURN_TYPE = YES_ERROR;
				GCC_WARN_UNDECLARED_SELECTOR = YES;
				GCC_WARN_UNINITIALIZED_AUTOS = YES_AGGRESSIVE;
				GCC_WARN_UNUSED_FUNCTION = YES;
				GCC_WARN_UNUSED_VARIABLE = YES;
				IPHONEOS_DEPLOYMENT_TARGET = 11.2;
				MTL_ENABLE_DEBUG_INFO = YES;
				ONLY_ACTIVE_ARCH = YES;
				SDKROOT = iphoneos;
			};
			name = Debug;
		};
		153B3CA5201308A7009D4DCD /* Release */ = {
			isa = XCBuildConfiguration;
			buildSettings = {
				ALWAYS_SEARCH_USER_PATHS = NO;
				CLANG_ANALYZER_NONNULL = YES;
				CLANG_ANALYZER_NUMBER_OBJECT_CONVERSION = YES_AGGRESSIVE;
				CLANG_CXX_LANGUAGE_STANDARD = "gnu++14";
				CLANG_CXX_LIBRARY = "libc++";
				CLANG_ENABLE_MODULES = YES;
				CLANG_ENABLE_OBJC_ARC = YES;
				CLANG_WARN_BLOCK_CAPTURE_AUTORELEASING = YES;
				CLANG_WARN_BOOL_CONVERSION = YES;
				CLANG_WARN_COMMA = YES;
				CLANG_WARN_CONSTANT_CONVERSION = YES;
				CLANG_WARN_DIRECT_OBJC_ISA_USAGE = YES_ERROR;
				CLANG_WARN_DOCUMENTATION_COMMENTS = YES;
				CLANG_WARN_EMPTY_BODY = YES;
				CLANG_WARN_ENUM_CONVERSION = YES;
				CLANG_WARN_INFINITE_RECURSION = YES;
				CLANG_WARN_INT_CONVERSION = YES;
				CLANG_WARN_NON_LITERAL_NULL_CONVERSION = YES;
				CLANG_WARN_OBJC_LITERAL_CONVERSION = YES;
				CLANG_WARN_OBJC_ROOT_CLASS = YES_ERROR;
				CLANG_WARN_RANGE_LOOP_ANALYSIS = YES;
				CLANG_WARN_STRICT_PROTOTYPES = YES;
				CLANG_WARN_SUSPICIOUS_MOVE = YES;
				CLANG_WARN_UNGUARDED_AVAILABILITY = YES_AGGRESSIVE;
				CLANG_WARN_UNREACHABLE_CODE = YES;
				CLANG_WARN__DUPLICATE_METHOD_MATCH = YES;
				CODE_SIGN_IDENTITY = "iPhone Developer";
				COPY_PHASE_STRIP = NO;
				DEBUG_INFORMATION_FORMAT = "dwarf-with-dsym";
				ENABLE_NS_ASSERTIONS = NO;
				ENABLE_STRICT_OBJC_MSGSEND = YES;
				GCC_C_LANGUAGE_STANDARD = gnu11;
				GCC_NO_COMMON_BLOCKS = YES;
				GCC_WARN_64_TO_32_BIT_CONVERSION = YES;
				GCC_WARN_ABOUT_RETURN_TYPE = YES_ERROR;
				GCC_WARN_UNDECLARED_SELECTOR = YES;
				GCC_WARN_UNINITIALIZED_AUTOS = YES_AGGRESSIVE;
				GCC_WARN_UNUSED_FUNCTION = YES;
				GCC_WARN_UNUSED_VARIABLE = YES;
				IPHONEOS_DEPLOYMENT_TARGET = 11.2;
				MTL_ENABLE_DEBUG_INFO = NO;
				SDKROOT = iphoneos;
				VALIDATE_PRODUCT = YES;
			};
			name = Release;
		};
		153B3CA7201308A7009D4DCD /* Debug */ = {
			isa = XCBuildConfiguration;
			buildSettings = {
				ASSETCATALOG_COMPILER_APPICON_NAME = AppIcon;
				CODE_SIGN_STYLE = Automatic;
				DEVELOPMENT_TEAM = RQ6CCQ3QDT;
				FRAMEWORK_SEARCH_PATHS = (
					"$(inherited)",
					"$(PROJECT_DIR)/Facebook\\ Integration\\ with\\ iOS/FacebookSDKs-iOS-4.29.0",
					"$(PROJECT_DIR)/Facebook\\ Integration\\ with\\ iOS/Frameworks",
					"$(PROJECT_DIR)/Facebook\\ Integration\\ with\\ iOS/Frameworks",
					"$(PROJECT_DIR)/Facebook\\ Integration\\ with\\ iOS/Frameworks",
				);
				INFOPLIST_FILE = "Facebook Integration with iOS/Info.plist";
				LD_RUNPATH_SEARCH_PATHS = "$(inherited) @executable_path/Frameworks";
				PRODUCT_BUNDLE_IDENTIFIER = "com.meetshah.Facebook-Integration-with-iOS";
				PRODUCT_NAME = "$(TARGET_NAME)";
				TARGETED_DEVICE_FAMILY = "1,2";
			};
			name = Debug;
		};
		153B3CA8201308A7009D4DCD /* Release */ = {
			isa = XCBuildConfiguration;
			buildSettings = {
				ASSETCATALOG_COMPILER_APPICON_NAME = AppIcon;
				CODE_SIGN_STYLE = Automatic;
				DEVELOPMENT_TEAM = RQ6CCQ3QDT;
				FRAMEWORK_SEARCH_PATHS = (
					"$(inherited)",
					"$(PROJECT_DIR)/Facebook\\ Integration\\ with\\ iOS/FacebookSDKs-iOS-4.29.0",
					"$(PROJECT_DIR)/Facebook\\ Integration\\ with\\ iOS/Frameworks",
					"$(PROJECT_DIR)/Facebook\\ Integration\\ with\\ iOS/Frameworks",
					"$(PROJECT_DIR)/Facebook\\ Integration\\ with\\ iOS/Frameworks",
				);
				INFOPLIST_FILE = "Facebook Integration with iOS/Info.plist";
				LD_RUNPATH_SEARCH_PATHS = "$(inherited) @executable_path/Frameworks";
				PRODUCT_BUNDLE_IDENTIFIER = "com.meetshah.Facebook-Integration-with-iOS";
				PRODUCT_NAME = "$(TARGET_NAME)";
				TARGETED_DEVICE_FAMILY = "1,2";
			};
			name = Release;
		};
/* End XCBuildConfiguration section */

/* Begin XCConfigurationList section */
		153B3C8B201308A7009D4DCD /* Build configuration list for PBXProject "Facebook Integration with iOS" */ = {
			isa = XCConfigurationList;
			buildConfigurations = (
				153B3CA4201308A7009D4DCD /* Debug */,
				153B3CA5201308A7009D4DCD /* Release */,
			);
			defaultConfigurationIsVisible = 0;
			defaultConfigurationName = Release;
		};
		153B3CA6201308A7009D4DCD /* Build configuration list for PBXNativeTarget "Facebook Integration with iOS" */ = {
			isa = XCConfigurationList;
			buildConfigurations = (
				153B3CA7201308A7009D4DCD /* Debug */,
				153B3CA8201308A7009D4DCD /* Release */,
			);
			defaultConfigurationIsVisible = 0;
			defaultConfigurationName = Release;
		};
/* End XCConfigurationList section */
	};
	rootObject = 153B3C88201308A7009D4DCD /* Project object */;
}
